
Microsoft Visual Studio Solution File, Format Version 12.00
# Visual Studio Version 17
VisualStudioVersion = 17.1.32210.238
MinimumVisualStudioVersion = 10.0.40219.1
Project("{FAE04EC0-301F-11D3-BF4B-00C04F79EFBC}") = "Wcf.Server", "Wcf.Server\Wcf.Server.csproj", "{26AC198B-51B3-4BEC-B7C3-83BF4C2A5569}"
EndProject
Project("{FAE04EC0-301F-11D3-BF4B-00C04F79EFBC}") = "Wcf.Client", "Wcf.Client\Wcf.Client.csproj", "{A77AB4CF-72EA-40BD-9DA7-AB633EE12A1E}"
EndProject
Global
	GlobalSection(SolutionConfigurationPlatforms) = preSolution
		Debug|Any CPU = Debug|Any CPU
		Release|Any CPU = Release|Any CPU
	EndGlobalSection
	GlobalSection(ProjectConfigurationPlatforms) = postSolution
		{26AC198B-51B3-4BEC-B7C3-83BF4C2A5569}.Debug|Any CPU.ActiveCfg = Debug|Any CPU
		{26AC198B-51B3-4BEC-B7C3-83BF4C2A5569}.Debug|Any CPU.Build.0 = Debug|Any CPU
		{26AC198B-51B3-4BEC-B7C3-83BF4C2A5569}.Release|Any CPU.ActiveCfg = Release|Any CPU
		{26AC198B-51B3-4BEC-B7C3-83BF4C2A5569}.Release|Any CPU.Build.0 = Release|Any CPU
		{A77AB4CF-72EA-40BD-9DA7-AB633EE12A1E}.Debug|Any CPU.ActiveCfg = Debug|Any CPU
		{A77AB4CF-72EA-40BD-9DA7-AB633EE12A1E}.Debug|Any CPU.Build.0 = Debug|Any CPU
		{A77AB4CF-72EA-40BD-9DA7-AB633EE12A1E}.Release|Any CPU.ActiveCfg = Release|Any CPU
		{A77AB4CF-72EA-40BD-9DA7-AB633EE12A1E}.Release|Any CPU.Build.0 = Release|Any CPU
	EndGlobalSection
	GlobalSection(SolutionProperties) = preSolution
		HideSolutionNode = FALSE
	EndGlobalSection
	GlobalSection(ExtensibilityGlobals) = postSolution
		SolutionGuid = {B0EA0205-97E2-4268-921B-9B4F1E801A5D}
	EndGlobalSection
EndGlobal
